
Microsoft Visual Studio Solution File, Format Version 12.00
# Visual Studio Version 16
VisualStudioVersion = 16.0.31129.286
MinimumVisualStudioVersion = 10.0.40219.1
Project("{FAE04EC0-301F-11D3-BF4B-00C04F79EFBC}") = "Exercise01", "Exercise01\Exercise01.csproj", "{BBC2927C-D093-4A77-A1D3-950C92FA1ABF}"
EndProject
Project("{FAE04EC0-301F-11D3-BF4B-00C04F79EFBC}") = "Models", "Models\Models.csproj", "{944E66F0-5CA1-4E7B-B873-B247562251E3}"
EndProject
Global
	GlobalSection(SolutionConfigurationPlatforms) = preSolution
		Debug|Any CPU = Debug|Any CPU
		Release|Any CPU = Release|Any CPU
	EndGlobalSection
	GlobalSection(ProjectConfigurationPlatforms) = postSolution
		{BBC2927C-D093-4A77-A1D3-950C92FA1ABF}.Debug|Any CPU.ActiveCfg = Debug|Any CPU
		{BBC2927C-D093-4A77-A1D3-950C92FA1ABF}.Debug|Any CPU.Build.0 = Debug|Any CPU
		{BBC2927C-D093-4A77-A1D3-950C92FA1ABF}.Release|Any CPU.ActiveCfg = Release|Any CPU
		{BBC2927C-D093-4A77-A1D3-950C92FA1ABF}.Release|Any CPU.Build.0 = Release|Any CPU
		{944E66F0-5CA1-4E7B-B873-B247562251E3}.Debug|Any CPU.ActiveCfg = Debug|Any CPU
		{944E66F0-5CA1-4E7B-B873-B247562251E3}.Debug|Any CPU.Build.0 = Debug|Any CPU
		{944E66F0-5CA1-4E7B-B873-B247562251E3}.Release|Any CPU.ActiveCfg = Release|Any CPU
		{944E66F0-5CA1-4E7B-B873-B247562251E3}.Release|Any CPU.Build.0 = Release|Any CPU
	EndGlobalSection
	GlobalSection(SolutionProperties) = preSolution
		HideSolutionNode = FALSE
	EndGlobalSection
	GlobalSection(ExtensibilityGlobals) = postSolution
		SolutionGuid = {288807AD-E6D1-4FA5-87B3-4876C413E936}
	EndGlobalSection
EndGlobal
